# This file is autogenerated, do not edit; changes may be undone by the next 'dep ensure'.


[[projects]]
  branch = "master"
  name = "github.com/PaulRaUnite/rewindomata"
  packages = ["ast"]
  revision = "917e340d99019305b1a058cc952b4afda2532e96"

[[projects]]
  branch = "master"
  name = "github.com/golang-collections/collections"
  packages = ["stack"]
  revision = "604e922904d35e97f98a774db7881f049cd8d970"

[[projects]]
  name = "github.com/uber-go/atomic"
  packages = ["."]
  revision = "8474b86a5a6f79c443ce4b2992817ff32cf208b8"
  version = "v1.3.1"

[solve-meta]
  analyzer-name = "dep"
  analyzer-version = 1
  inputs-digest = "acc00ac705c93aef666c4cad0d953790b8d76d240a618f7812a97725f04cca19"
  solver-name = "gps-cdcl"
  solver-version = 1
